
Microsoft Visual Studio Solution File, Format Version 12.00
# Visual Studio Version 16
VisualStudioVersion = 16.0.31702.278
MinimumVisualStudioVersion = 10.0.40219.1
Project("{8BC9CEB8-8B4A-11D0-8D11-00A0C91BC942}") = "VVP_Lab_14", "VVP_Lab_14.vcxproj", "{108D3272-59DF-4103-9D4A-B797D8BDE38F}"
EndProject
Global
	GlobalSection(SolutionConfigurationPlatforms) = preSolution
		Debug|x64 = Debug|x64
		Debug|x86 = Debug|x86
		Release|x64 = Release|x64
		Release|x86 = Release|x86
	EndGlobalSection
	GlobalSection(ProjectConfigurationPlatforms) = postSolution
		{108D3272-59DF-4103-9D4A-B797D8BDE38F}.Debug|x64.ActiveCfg = Debug|x64
		{108D3272-59DF-4103-9D4A-B797D8BDE38F}.Debug|x64.Build.0 = Debug|x64
		{108D3272-59DF-4103-9D4A-B797D8BDE38F}.Debug|x86.ActiveCfg = Debug|Win32
		{108D3272-59DF-4103-9D4A-B797D8BDE38F}.Debug|x86.Build.0 = Debug|Win32
		{108D3272-59DF-4103-9D4A-B797D8BDE38F}.Release|x64.ActiveCfg = Release|x64
		{108D3272-59DF-4103-9D4A-B797D8BDE38F}.Release|x64.Build.0 = Release|x64
		{108D3272-59DF-4103-9D4A-B797D8BDE38F}.Release|x86.ActiveCfg = Release|Win32
		{108D3272-59DF-4103-9D4A-B797D8BDE38F}.Release|x86.Build.0 = Release|Win32
	EndGlobalSection
	GlobalSection(SolutionProperties) = preSolution
		HideSolutionNode = FALSE
	EndGlobalSection
	GlobalSection(ExtensibilityGlobals) = postSolution
		SolutionGuid = {1C9F2272-D586-4687-BE58-62B5ED718B61}
	EndGlobalSection
EndGlobal
